// !$*UTF8*$!
{
	archiveVersion = 1;
	classes = {
	};
	objectVersion = 56;
	objects = {

/* Begin PBXBuildFile section */
		E0FEA60B28E956E9003658A4 /* socket.c in Sources */ = {isa = PBXBuildFile; fileRef = E0FEA5FE28E956E9003658A4 /* socket.c */; };
		E0FEA60C28E956E9003658A4 /* thread_pool.c in Sources */ = {isa = PBXBuildFile; fileRef = E0FEA60228E956E9003658A4 /* thread_pool.c */; };
		E0FEA60D28E956E9003658A4 /* singly_linked_list.c in Sources */ = {isa = PBXBuildFile; fileRef = E0FEA60428E956E9003658A4 /* singly_linked_list.c */; };
		E0FEA60E28E956E9003658A4 /* queue.c in Sources */ = {isa = PBXBuildFile; fileRef = E0FEA60528E956E9003658A4 /* queue.c */; };
		E0FEA60F28E956E9003658A4 /* main.c in Sources */ = {isa = PBXBuildFile; fileRef = E0FEA60828E956E9003658A4 /* main.c */; };
/* End PBXBuildFile section */

/* Begin PBXCopyFilesBuildPhase section */
		E0FEA5F028E956CD003658A4 /* CopyFiles */ = {
			isa = PBXCopyFilesBuildPhase;
			buildActionMask = 2147483647;
			dstPath = /usr/share/man/man1/;
			dstSubfolderSpec = 0;
			files = (
			);
			runOnlyForDeploymentPostprocessing = 1;
		};
/* End PBXCopyFilesBuildPhase section */

/* Begin PBXFileReference section */
		E0BD51F328E9FDA9006AC033 /* queue.md */ = {isa = PBXFileReference; lastKnownFileType = net.daringfireball.markdown; path = queue.md; sourceTree = "<group>"; };
		E0FEA5F228E956CD003658A4 /* libowl */ = {isa = PBXFileReference; explicitFileType = "compiled.mach-o.executable"; includeInIndex = 0; path = libowl; sourceTree = BUILT_PRODUCTS_DIR; };
		E0FEA5FC28E956E9003658A4 /* README.md */ = {isa = PBXFileReference; fileEncoding = 4; lastKnownFileType = net.daringfireball.markdown; path = README.md; sourceTree = "<group>"; };
		E0FEA5FE28E956E9003658A4 /* socket.c */ = {isa = PBXFileReference; fileEncoding = 4; lastKnownFileType = sourcecode.c.c; path = socket.c; sourceTree = "<group>"; };
		E0FEA5FF28E956E9003658A4 /* socket.h */ = {isa = PBXFileReference; fileEncoding = 4; lastKnownFileType = sourcecode.c.h; path = socket.h; sourceTree = "<group>"; };
		E0FEA60128E956E9003658A4 /* thread_pool.h */ = {isa = PBXFileReference; fileEncoding = 4; lastKnownFileType = sourcecode.c.h; path = thread_pool.h; sourceTree = "<group>"; };
		E0FEA60228E956E9003658A4 /* thread_pool.c */ = {isa = PBXFileReference; fileEncoding = 4; lastKnownFileType = sourcecode.c.c; path = thread_pool.c; sourceTree = "<group>"; };
		E0FEA60428E956E9003658A4 /* singly_linked_list.c */ = {isa = PBXFileReference; fileEncoding = 4; lastKnownFileType = sourcecode.c.c; path = singly_linked_list.c; sourceTree = "<group>"; };
		E0FEA60528E956E9003658A4 /* queue.c */ = {isa = PBXFileReference; fileEncoding = 4; lastKnownFileType = sourcecode.c.c; path = queue.c; sourceTree = "<group>"; };
		E0FEA60628E956E9003658A4 /* singly_linked_list.h */ = {isa = PBXFileReference; fileEncoding = 4; lastKnownFileType = sourcecode.c.h; path = singly_linked_list.h; sourceTree = "<group>"; };
		E0FEA60728E956E9003658A4 /* queue.h */ = {isa = PBXFileReference; fileEncoding = 4; lastKnownFileType = sourcecode.c.h; path = queue.h; sourceTree = "<group>"; };
		E0FEA60828E956E9003658A4 /* main.c */ = {isa = PBXFileReference; fileEncoding = 4; lastKnownFileType = sourcecode.c.c; path = main.c; sourceTree = "<group>"; };
		E0FEA60A28E956E9003658A4 /* singly_linked_list.md */ = {isa = PBXFileReference; fileEncoding = 4; lastKnownFileType = net.daringfireball.markdown; path = singly_linked_list.md; sourceTree = "<group>"; };
		E0FEA61028E95722003658A4 /* .gitignore */ = {isa = PBXFileReference; lastKnownFileType = text; path = .gitignore; sourceTree = "<group>"; };
/* End PBXFileReference section */

/* Begin PBXFrameworksBuildPhase section */
		E0FEA5EF28E956CD003658A4 /* Frameworks */ = {
			isa = PBXFrameworksBuildPhase;
			buildActionMask = 2147483647;
			files = (
			);
			runOnlyForDeploymentPostprocessing = 0;
		};
/* End PBXFrameworksBuildPhase section */

/* Begin PBXGroup section */
		E0FEA5E928E956CD003658A4 = {
			isa = PBXGroup;
			children = (
				E0FEA60328E956E9003658A4 /* data_structure */,
				E0FEA60928E956E9003658A4 /* docs */,
				E0FEA60828E956E9003658A4 /* main.c */,
				E0FEA61028E95722003658A4 /* .gitignore */,
				E0FEA5FD28E956E9003658A4 /* networking */,
				E0FEA5FC28E956E9003658A4 /* README.md */,
				E0FEA60028E956E9003658A4 /* system */,
				E0FEA5F328E956CD003658A4 /* Products */,
			);
			sourceTree = "<group>";
		};
		E0FEA5F328E956CD003658A4 /* Products */ = {
			isa = PBXGroup;
			children = (
				E0FEA5F228E956CD003658A4 /* libowl */,
			);
			name = Products;
			sourceTree = "<group>";
		};
		E0FEA5FD28E956E9003658A4 /* networking */ = {
			isa = PBXGroup;
			children = (
				E0FEA5FE28E956E9003658A4 /* socket.c */,
				E0FEA5FF28E956E9003658A4 /* socket.h */,
			);
			path = networking;
			sourceTree = "<group>";
		};
		E0FEA60028E956E9003658A4 /* system */ = {
			isa = PBXGroup;
			children = (
				E0FEA60128E956E9003658A4 /* thread_pool.h */,
				E0FEA60228E956E9003658A4 /* thread_pool.c */,
			);
			path = system;
			sourceTree = "<group>";
		};
		E0FEA60328E956E9003658A4 /* data_structure */ = {
			isa = PBXGroup;
			children = (
				E0FEA60428E956E9003658A4 /* singly_linked_list.c */,
				E0FEA60528E956E9003658A4 /* queue.c */,
				E0FEA60628E956E9003658A4 /* singly_linked_list.h */,
				E0FEA60728E956E9003658A4 /* queue.h */,
			);
			path = data_structure;
			sourceTree = "<group>";
		};
		E0FEA60928E956E9003658A4 /* docs */ = {
			isa = PBXGroup;
			children = (
				E0FEA60A28E956E9003658A4 /* singly_linked_list.md */,
				E0BD51F328E9FDA9006AC033 /* queue.md */,
			);
			path = docs;
			sourceTree = "<group>";
		};
/* End PBXGroup section */

/* Begin PBXNativeTarget section */
		E0FEA5F128E956CD003658A4 /* libowl */ = {
			isa = PBXNativeTarget;
			buildConfigurationList = E0FEA5F928E956CD003658A4 /* Build configuration list for PBXNativeTarget "libowl" */;
			buildPhases = (
				E0FEA5EE28E956CD003658A4 /* Sources */,
				E0FEA5EF28E956CD003658A4 /* Frameworks */,
				E0FEA5F028E956CD003658A4 /* CopyFiles */,
			);
			buildRules = (
			);
			dependencies = (
			);
			name = libowl;
			productName = libowl;
			productReference = E0FEA5F228E956CD003658A4 /* libowl */;
			productType = "com.apple.product-type.tool";
		};
/* End PBXNativeTarget section */

/* Begin PBXProject section */
		E0FEA5EA28E956CD003658A4 /* Project object */ = {
			isa = PBXProject;
			attributes = {
				BuildIndependentTargetsInParallel = 1;
				LastUpgradeCheck = 1400;
				TargetAttributes = {
					E0FEA5F128E956CD003658A4 = {
						CreatedOnToolsVersion = 14.0.1;
					};
				};
			};
			buildConfigurationList = E0FEA5ED28E956CD003658A4 /* Build configuration list for PBXProject "libowl" */;
			compatibilityVersion = "Xcode 14.0";
			developmentRegion = en;
			hasScannedForEncodings = 0;
			knownRegions = (
				en,
				Base,
			);
			mainGroup = E0FEA5E928E956CD003658A4;
			productRefGroup = E0FEA5F328E956CD003658A4 /* Products */;
			projectDirPath = "";
			projectRoot = "";
			targets = (
				E0FEA5F128E956CD003658A4 /* libowl */,
			);
		};
/* End PBXProject section */

/* Begin PBXSourcesBuildPhase section */
		E0FEA5EE28E956CD003658A4 /* Sources */ = {
			isa = PBXSourcesBuildPhase;
			buildActionMask = 2147483647;
			files = (
				E0FEA60F28E956E9003658A4 /* main.c in Sources */,
				E0FEA60D28E956E9003658A4 /* singly_linked_list.c in Sources */,
				E0FEA60E28E956E9003658A4 /* queue.c in Sources */,
				E0FEA60B28E956E9003658A4 /* socket.c in Sources */,
				E0FEA60C28E956E9003658A4 /* thread_pool.c in Sources */,
			);
			runOnlyForDeploymentPostprocessing = 0;
		};
/* End PBXSourcesBuildPhase section */

/* Begin XCBuildConfiguration section */
		E0FEA5F728E956CD003658A4 /* Debug */ = {
			isa = XCBuildConfiguration;
			buildSettings = {
				ALWAYS_SEARCH_USER_PATHS = NO;
				CLANG_ANALYZER_NONNULL = YES;
				CLANG_ANALYZER_NUMBER_OBJECT_CONVERSION = YES_AGGRESSIVE;
				CLANG_CXX_LANGUAGE_STANDARD = "gnu++20";
				CLANG_ENABLE_MODULES = YES;
				CLANG_ENABLE_OBJC_ARC = YES;
				CLANG_ENABLE_OBJC_WEAK = YES;
				CLANG_WARN_BLOCK_CAPTURE_AUTORELEASING = YES;
				CLANG_WARN_BOOL_CONVERSION = YES;
				CLANG_WARN_COMMA = YES;
				CLANG_WARN_CONSTANT_CONVERSION = YES;
				CLANG_WARN_DEPRECATED_OBJC_IMPLEMENTATIONS = YES;
				CLANG_WARN_DIRECT_OBJC_ISA_USAGE = YES_ERROR;
				CLANG_WARN_DOCUMENTATION_COMMENTS = YES;
				CLANG_WARN_EMPTY_BODY = YES;
				CLANG_WARN_ENUM_CONVERSION = YES;
				CLANG_WARN_INFINITE_RECURSION = YES;
				CLANG_WARN_INT_CONVERSION = YES;
				CLANG_WARN_NON_LITERAL_NULL_CONVERSION = YES;
				CLANG_WARN_OBJC_IMPLICIT_RETAIN_SELF = YES;
				CLANG_WARN_OBJC_LITERAL_CONVERSION = YES;
				CLANG_WARN_OBJC_ROOT_CLASS = YES_ERROR;
				CLANG_WARN_QUOTED_INCLUDE_IN_FRAMEWORK_HEADER = YES;
				CLANG_WARN_RANGE_LOOP_ANALYSIS = YES;
				CLANG_WARN_STRICT_PROTOTYPES = YES;
				CLANG_WARN_SUSPICIOUS_MOVE = YES;
				CLANG_WARN_UNGUARDED_AVAILABILITY = YES_AGGRESSIVE;
				CLANG_WARN_UNREACHABLE_CODE = YES;
				CLANG_WARN__DUPLICATE_METHOD_MATCH = YES;
				COPY_PHASE_STRIP = NO;
				DEBUG_INFORMATION_FORMAT = dwarf;
				ENABLE_STRICT_OBJC_MSGSEND = YES;
				ENABLE_TESTABILITY = YES;
				GCC_C_LANGUAGE_STANDARD = gnu11;
				GCC_DYNAMIC_NO_PIC = NO;
				GCC_NO_COMMON_BLOCKS = YES;
				GCC_OPTIMIZATION_LEVEL = 0;
				GCC_PREPROCESSOR_DEFINITIONS = (
					"DEBUG=1",
					"$(inherited)",
				);
				GCC_WARN_64_TO_32_BIT_CONVERSION = YES;
				GCC_WARN_ABOUT_RETURN_TYPE = YES_ERROR;
				GCC_WARN_UNDECLARED_SELECTOR = YES;
				GCC_WARN_UNINITIALIZED_AUTOS = YES_AGGRESSIVE;
				GCC_WARN_UNUSED_FUNCTION = YES;
				GCC_WARN_UNUSED_VARIABLE = YES;
				MACOSX_DEPLOYMENT_TARGET = 12.3;
				MTL_ENABLE_DEBUG_INFO = INCLUDE_SOURCE;
				MTL_FAST_MATH = YES;
				ONLY_ACTIVE_ARCH = YES;
				SDKROOT = macosx;
			};
			name = Debug;
		};
		E0FEA5F828E956CD003658A4 /* Release */ = {
			isa = XCBuildConfiguration;
			buildSettings = {
				ALWAYS_SEARCH_USER_PATHS = NO;
				CLANG_ANALYZER_NONNULL = YES;
				CLANG_ANALYZER_NUMBER_OBJECT_CONVERSION = YES_AGGRESSIVE;
				CLANG_CXX_LANGUAGE_STANDARD = "gnu++20";
				CLANG_ENABLE_MODULES = YES;
				CLANG_ENABLE_OBJC_ARC = YES;
				CLANG_ENABLE_OBJC_WEAK = YES;
				CLANG_WARN_BLOCK_CAPTURE_AUTORELEASING = YES;
				CLANG_WARN_BOOL_CONVERSION = YES;
				CLANG_WARN_COMMA = YES;
				CLANG_WARN_CONSTANT_CONVERSION = YES;
				CLANG_WARN_DEPRECATED_OBJC_IMPLEMENTATIONS = YES;
				CLANG_WARN_DIRECT_OBJC_ISA_USAGE = YES_ERROR;
				CLANG_WARN_DOCUMENTATION_COMMENTS = YES;
				CLANG_WARN_EMPTY_BODY = YES;
				CLANG_WARN_ENUM_CONVERSION = YES;
				CLANG_WARN_INFINITE_RECURSION = YES;
				CLANG_WARN_INT_CONVERSION = YES;
				CLANG_WARN_NON_LITERAL_NULL_CONVERSION = YES;
				CLANG_WARN_OBJC_IMPLICIT_RETAIN_SELF = YES;
				CLANG_WARN_OBJC_LITERAL_CONVERSION = YES;
				CLANG_WARN_OBJC_ROOT_CLASS = YES_ERROR;
				CLANG_WARN_QUOTED_INCLUDE_IN_FRAMEWORK_HEADER = YES;
				CLANG_WARN_RANGE_LOOP_ANALYSIS = YES;
				CLANG_WARN_STRICT_PROTOTYPES = YES;
				CLANG_WARN_SUSPICIOUS_MOVE = YES;
				CLANG_WARN_UNGUARDED_AVAILABILITY = YES_AGGRESSIVE;
				CLANG_WARN_UNREACHABLE_CODE = YES;
				CLANG_WARN__DUPLICATE_METHOD_MATCH = YES;
				COPY_PHASE_STRIP = NO;
				DEBUG_INFORMATION_FORMAT = "dwarf-with-dsym";
				ENABLE_NS_ASSERTIONS = NO;
				ENABLE_STRICT_OBJC_MSGSEND = YES;
				GCC_C_LANGUAGE_STANDARD = gnu11;
				GCC_NO_COMMON_BLOCKS = YES;
				GCC_WARN_64_TO_32_BIT_CONVERSION = YES;
				GCC_WARN_ABOUT_RETURN_TYPE = YES_ERROR;
				GCC_WARN_UNDECLARED_SELECTOR = YES;
				GCC_WARN_UNINITIALIZED_AUTOS = YES_AGGRESSIVE;
				GCC_WARN_UNUSED_FUNCTION = YES;
				GCC_WARN_UNUSED_VARIABLE = YES;
				MACOSX_DEPLOYMENT_TARGET = 12.3;
				MTL_ENABLE_DEBUG_INFO = NO;
				MTL_FAST_MATH = YES;
				SDKROOT = macosx;
			};
			name = Release;
		};
		E0FEA5FA28E956CD003658A4 /* Debug */ = {
			isa = XCBuildConfiguration;
			buildSettings = {
				CODE_SIGN_STYLE = Automatic;
				PRODUCT_NAME = "$(TARGET_NAME)";
			};
			name = Debug;
		};
		E0FEA5FB28E956CD003658A4 /* Release */ = {
			isa = XCBuildConfiguration;
			buildSettings = {
				CODE_SIGN_STYLE = Automatic;
				PRODUCT_NAME = "$(TARGET_NAME)";
			};
			name = Release;
		};
/* End XCBuildConfiguration section */

/* Begin XCConfigurationList section */
		E0FEA5ED28E956CD003658A4 /* Build configuration list for PBXProject "libowl" */ = {
			isa = XCConfigurationList;
			buildConfigurations = (
				E0FEA5F728E956CD003658A4 /* Debug */,
				E0FEA5F828E956CD003658A4 /* Release */,
			);
			defaultConfigurationIsVisible = 0;
			defaultConfigurationName = Release;
		};
		E0FEA5F928E956CD003658A4 /* Build configuration list for PBXNativeTarget "libowl" */ = {
			isa = XCConfigurationList;
			buildConfigurations = (
				E0FEA5FA28E956CD003658A4 /* Debug */,
				E0FEA5FB28E956CD003658A4 /* Release */,
			);
			defaultConfigurationIsVisible = 0;
			defaultConfigurationName = Release;
		};
/* End XCConfigurationList section */
	};
	rootObject = E0FEA5EA28E956CD003658A4 /* Project object */;
}
